
Microsoft Visual Studio Solution File, Format Version 12.00
# Visual Studio Version 16
VisualStudioVersion = 16.0.30320.27
MinimumVisualStudioVersion = 10.0.40219.1
Project("{9A19103F-16F7-4668-BE54-9A1E7A4F7556}") = "Yasol.UserAccountManagement.API", "DigitalUserAPI\Yasol.UserAccountManagement.API.csproj", "{A30E3CFE-BD07-4B43-B22F-5D4489813553}"
EndProject
Project("{9A19103F-16F7-4668-BE54-9A1E7A4F7556}") = "Yasol.UserAccountManagement.Business", "Yasol.DigitalUser.Business\Yasol.UserAccountManagement.Business.csproj", "{5DB6A934-0364-4F23-9168-4E9F82212961}"
EndProject
Project("{9A19103F-16F7-4668-BE54-9A1E7A4F7556}") = "Yasol.UserAccountManagement.Model", "Yasol.DigitalUser.Model\Yasol.UserAccountManagement.Model.csproj", "{CFC18CE9-843C-4941-99E5-FFEA924AF640}"
EndProject
Project("{9A19103F-16F7-4668-BE54-9A1E7A4F7556}") = "Yasol.UserAccountManagement.Common", "Yasol.DigitalUser.Common\Yasol.UserAccountManagement.Common.csproj", "{33EA46F1-5CD8-460C-B6F1-035B4E8DB709}"
EndProject
Global
	GlobalSection(SolutionConfigurationPlatforms) = preSolution
		Debug|Any CPU = Debug|Any CPU
		Release|Any CPU = Release|Any CPU
	EndGlobalSection
	GlobalSection(ProjectConfigurationPlatforms) = postSolution
		{A30E3CFE-BD07-4B43-B22F-5D4489813553}.Debug|Any CPU.ActiveCfg = Debug|Any CPU
		{A30E3CFE-BD07-4B43-B22F-5D4489813553}.Debug|Any CPU.Build.0 = Debug|Any CPU
		{A30E3CFE-BD07-4B43-B22F-5D4489813553}.Release|Any CPU.ActiveCfg = Release|Any CPU
		{A30E3CFE-BD07-4B43-B22F-5D4489813553}.Release|Any CPU.Build.0 = Release|Any CPU
		{5DB6A934-0364-4F23-9168-4E9F82212961}.Debug|Any CPU.ActiveCfg = Debug|Any CPU
		{5DB6A934-0364-4F23-9168-4E9F82212961}.Debug|Any CPU.Build.0 = Debug|Any CPU
		{5DB6A934-0364-4F23-9168-4E9F82212961}.Release|Any CPU.ActiveCfg = Release|Any CPU
		{5DB6A934-0364-4F23-9168-4E9F82212961}.Release|Any CPU.Build.0 = Release|Any CPU
		{CFC18CE9-843C-4941-99E5-FFEA924AF640}.Debug|Any CPU.ActiveCfg = Debug|Any CPU
		{CFC18CE9-843C-4941-99E5-FFEA924AF640}.Debug|Any CPU.Build.0 = Debug|Any CPU
		{CFC18CE9-843C-4941-99E5-FFEA924AF640}.Release|Any CPU.ActiveCfg = Release|Any CPU
		{CFC18CE9-843C-4941-99E5-FFEA924AF640}.Release|Any CPU.Build.0 = Release|Any CPU
		{33EA46F1-5CD8-460C-B6F1-035B4E8DB709}.Debug|Any CPU.ActiveCfg = Debug|Any CPU
		{33EA46F1-5CD8-460C-B6F1-035B4E8DB709}.Debug|Any CPU.Build.0 = Debug|Any CPU
		{33EA46F1-5CD8-460C-B6F1-035B4E8DB709}.Release|Any CPU.ActiveCfg = Release|Any CPU
		{33EA46F1-5CD8-460C-B6F1-035B4E8DB709}.Release|Any CPU.Build.0 = Release|Any CPU
	EndGlobalSection
	GlobalSection(SolutionProperties) = preSolution
		HideSolutionNode = FALSE
	EndGlobalSection
	GlobalSection(ExtensibilityGlobals) = postSolution
		SolutionGuid = {DD2B6B51-CD9D-4B34-9117-3F20ED82725B}
	EndGlobalSection
EndGlobal
